# THIS IS AN AUTOGENERATED FILE. DO NOT EDIT THIS FILE DIRECTLY.
# yarn lockfile v1


"@babel/runtime@^7.12.5", "@babel/runtime@^7.5.5", "@babel/runtime@^7.6.2", "@babel/runtime@^7.7.2":
  version "7.19.0"
  resolved "https://registry.yarnpkg.com/@babel/runtime/-/runtime-7.19.0.tgz#22b11c037b094d27a8a2504ea4dcff00f50e2259"
  integrity sha512-eR8Lo9hnDS7tqkO7NsV+mKvCmv5boaXFSZ70DnfhcgiEne8hv9oCEd36Klw74EtizEqLsy4YnW8UWwpBVolHZA==
  dependencies:
    regenerator-runtime "^0.13.4"

"@pluffa/router@latest":
  version "0.0.2"
  resolved "https://registry.yarnpkg.com/@pluffa/router/-/router-0.0.2.tgz#d8388cc9e3b45b5b46837af9110c8e74546a490d"
  integrity sha512-N8aN54D3YxO+yOKY+Gmz2j2nKou6MRLsNvhpj5YkoJ8tfd+nPkPQvuhmziYBnp6qs+k515zzyhZRRuceBIoMOw==
  dependencies:
    react-router "^6.3.0"
    react-router-dom "^6.3.0"

"@remix-run/router@1.0.1":
  version "1.0.1"
  resolved "https://registry.yarnpkg.com/@remix-run/router/-/router-1.0.1.tgz#88d7ac31811ab0cef14aaaeae2a0474923b278bc"
  integrity sha512-eBV5rvW4dRFOU1eajN7FmYxjAIVz/mRHgUE9En9mBn6m3mulK3WTR5C3iQhL9MZ14rWAq+xOlEaCkDiW0/heOg==

"@types/cookiejar@*":
  version "2.1.2"
  resolved "https://registry.yarnpkg.com/@types/cookiejar/-/cookiejar-2.1.2.tgz#66ad9331f63fe8a3d3d9d8c6e3906dd10f6446e8"
  integrity sha512-t73xJJrvdTjXrn4jLS9VSGRbz0nUY3cl2DMGDU48lKl+HR9dbbjW2A9r3g40VA++mQpy6uuHg33gy7du2BKpog==

"@types/node@*":
  version "18.7.23"
  resolved "https://registry.yarnpkg.com/@types/node/-/node-18.7.23.tgz#75c580983846181ebe5f4abc40fe9dfb2d65665f"
  integrity sha512-DWNcCHolDq0ZKGizjx2DZjR/PqsYwAcYUJmfMWqtVU2MBMG5Mo+xFZrhGId5r/O5HOuMPyQEcM6KUBp5lBZZBg==

"@types/prop-types@*":
  version "15.7.5"
  resolved "https://registry.yarnpkg.com/@types/prop-types/-/prop-types-15.7.5.tgz#5f19d2b85a98e9558036f6a3cacc8819420f05cf"
  integrity sha512-JCB8C6SnDoQf0cNycqd/35A7MjcnK+ZTqE7judS6o7utxUCg6imJg3QK2qzHKszlTjcj2cn+NwMB2i96ubpj7w==

"@types/react-dom@^18.0.1":
  version "18.0.6"
  resolved "https://registry.yarnpkg.com/@types/react-dom/-/react-dom-18.0.6.tgz#36652900024842b74607a17786b6662dd1e103a1"
  integrity sha512-/5OFZgfIPSwy+YuIBP/FgJnQnsxhZhjjrnxudMddeblOouIodEQ75X14Rr4wGSG/bknL+Omy9iWlLo1u/9GzAA==
  dependencies:
    "@types/react" "*"

"@types/react@*", "@types/react@^18.0.5":
  version "18.0.21"
  resolved "https://registry.yarnpkg.com/@types/react/-/react-18.0.21.tgz#b8209e9626bb00a34c76f55482697edd2b43cc67"
  integrity sha512-7QUCOxvFgnD5Jk8ZKlUAhVcRj7GuJRjnjjiY/IUBWKgOlnvDvTMLD4RTF7NPyVmbRhNrbomZiOepg7M/2Kj1mA==
  dependencies:
    "@types/prop-types" "*"
    "@types/scheduler" "*"
    csstype "^3.0.2"

"@types/scheduler@*":
  version "0.16.2"
  resolved "https://registry.yarnpkg.com/@types/scheduler/-/scheduler-0.16.2.tgz#1a62f89525723dde24ba1b01b092bf5df8ad4d39"
  integrity sha512-hppQEBDmlwhFAXKJX2KnWLYu5yMfi91yazPb2l+lbJiwW+wdo1gNeRA+3RgNSO39WYX2euey41KEwnqesU2Jew==

"@types/superagent@^4.1.15":
  version "4.1.15"
  resolved "https://registry.yarnpkg.com/@types/superagent/-/superagent-4.1.15.tgz#63297de457eba5e2bc502a7609426c4cceab434a"
  integrity sha512-mu/N4uvfDN2zVQQ5AYJI/g4qxn2bHB6521t1UuH09ShNWjebTqN0ZFuYK9uYjcgmI0dTQEs+Owi1EO6U0OkOZQ==
  dependencies:
    "@types/cookiejar" "*"
    "@types/node" "*"

asap@^2.0.0:
  version "2.0.6"
  resolved "https://registry.yarnpkg.com/asap/-/asap-2.0.6.tgz#e50347611d7e690943208bbdafebcbc2fb866d46"
  integrity sha512-BSHWgDSAiKs50o2Re8ppvp3seVHXSRM44cdSsT9FfNEUUZLOGWVCsiWaRPWM1Znn+mqZ1OfVZ3z3DWEzSp7hRA==

asynckit@^0.4.0:
  version "0.4.0"
  resolved "https://registry.yarnpkg.com/asynckit/-/asynckit-0.4.0.tgz#c79ed97f7f34cb8f2ba1bc9790bcc366474b4b79"
  integrity sha512-Oei9OH4tRh0YqU3GxhX79dM/mwVgvbZJaSNaRk+bshkj0S5cfHcgYakreBjrHwatXKbz+IoIdYLxrKim2MjW0Q==

balanced-match@^1.0.0:
  version "1.0.2"
  resolved "https://registry.yarnpkg.com/balanced-match/-/balanced-match-1.0.2.tgz#e83e3a7e3f300b34cb9d87f615fa0cbf357690ee"
  integrity sha512-3oSeUO0TMV67hN1AmbXsK4yaqU7tjiHlbxRDZOpH0KW9+CeX4bRAaX0Anxt0tx2MrpRpWwQaPwIlISEJhYU5Pw==

big-integer@^1.6.16:
  version "1.6.51"
  resolved "https://registry.yarnpkg.com/big-integer/-/big-integer-1.6.51.tgz#0df92a5d9880560d3ff2d5fd20245c889d130686"
  integrity sha512-GPEid2Y9QU1Exl1rpO9B2IPJGHPSupF5GnVIP0blYvNOMer2bTvSWs1jGOUg04hTmu67nmLsQ9TBo1puaotBHg==

brace-expansion@^1.1.7:
  version "1.1.11"
  resolved "https://registry.yarnpkg.com/brace-expansion/-/brace-expansion-1.1.11.tgz#3c7fcbf529d87226f3d2f52b966ff5271eb441dd"
  integrity sha512-iCuPHDFgrHX7H2vEI/5xpz07zSHB00TpugqhmYtVmMO6518mCuRMoOYFldEBl0g187ufozdaHgWKcYFb61qGiA==
  dependencies:
    balanced-match "^1.0.0"
    concat-map "0.0.1"

broadcast-channel@^3.4.1:
  version "3.7.0"
  resolved "https://registry.yarnpkg.com/broadcast-channel/-/broadcast-channel-3.7.0.tgz#2dfa5c7b4289547ac3f6705f9c00af8723889937"
  integrity sha512-cIAKJXAxGJceNZGTZSBzMxzyOn72cVgPnKx4dc6LRjQgbaJUQqhy5rzL3zbMxkMWsGKkv2hSFkPRMEXfoMZ2Mg==
  dependencies:
    "@babel/runtime" "^7.7.2"
    detect-node "^2.1.0"
    js-sha3 "0.8.0"
    microseconds "0.2.0"
    nano-time "1.0.0"
    oblivious-set "1.0.0"
    rimraf "3.0.2"
    unload "2.2.0"

call-bind@^1.0.0:
  version "1.0.2"
  resolved "https://registry.yarnpkg.com/call-bind/-/call-bind-1.0.2.tgz#b1d4e89e688119c3c9a903ad30abb2f6a919be3c"
  integrity sha512-7O+FbCihrB5WGbFYesctwmTKae6rOiIzmz1icreWJ+0aA7LJfuqhEso2T9ncpcFtzMQtzXf2QGGueWJGTYsqrA==
  dependencies:
    function-bind "^1.1.1"
    get-intrinsic "^1.0.2"

chalk@^5.0.1:
  version "5.0.1"
  resolved "https://registry.yarnpkg.com/chalk/-/chalk-5.0.1.tgz#ca57d71e82bb534a296df63bbacc4a1c22b2a4b6"
  integrity sha512-Fo07WOYGqMfCWHOzSXOt2CxDbC6skS/jO9ynEcmpANMoPrD+W1r1K6Vx7iNm+AQmETU1Xr2t+n8nzkV9t6xh3w==

combined-stream@^1.0.8:
  version "1.0.8"
  resolved "https://registry.yarnpkg.com/combined-stream/-/combined-stream-1.0.8.tgz#c3d45a8b34fd730631a110a8a2520682b31d5a7f"
  integrity sha512-FQN4MRfuJeHf7cBbBMJFXhKSDq+2kAArBlmRBvcvFE5BB1HZKXtSFASDhdlz9zOYwxh8lDdnvmMOe/+5cdoEdg==
  dependencies:
    delayed-stream "~1.0.0"

commander@^9.3.0:
  version "9.4.0"
  resolved "https://registry.yarnpkg.com/commander/-/commander-9.4.0.tgz#bc4a40918fefe52e22450c111ecd6b7acce6f11c"
  integrity sha512-sRPT+umqkz90UA8M1yqYfnHlZA7fF6nSphDtxeywPZ49ysjxDQybzk13CL+mXekDRG92skbcqCLVovuCusNmFw==

component-emitter@^1.3.0:
  version "1.3.0"
  resolved "https://registry.yarnpkg.com/component-emitter/-/component-emitter-1.3.0.tgz#16e4070fba8ae29b679f2215853ee181ab2eabc0"
  integrity sha512-Rd3se6QB+sO1TwqZjscQrurpEPIfO0/yYnSin6Q/rD3mOutHvUrCAhJub3r90uNb+SESBuE0QYoB90YdfatsRg==

concat-map@0.0.1:
  version "0.0.1"
  resolved "https://registry.yarnpkg.com/concat-map/-/concat-map-0.0.1.tgz#d8a96bd77fd68df7793a73036a3ba0d5405d477b"
  integrity sha512-/Srv4dswyQNBfohGpz9o6Yb3Gz3SrUDqBH5rTuhGR7ahtlbYKnVxw2bCFMRljaA7EXHaXZ8wsHdodFvbkhKmqg==

cookiejar@^2.1.3:
  version "2.1.3"
  resolved "https://registry.yarnpkg.com/cookiejar/-/cookiejar-2.1.3.tgz#fc7a6216e408e74414b90230050842dacda75acc"
  integrity sha512-JxbCBUdrfr6AQjOXrxoTvAMJO4HBTUIlBzslcJPAz+/KT8yk53fXun51u+RenNYvad/+Vc2DIz5o9UxlCDymFQ==

csstype@^3.0.2:
  version "3.1.1"
  resolved "https://registry.yarnpkg.com/csstype/-/csstype-3.1.1.tgz#841b532c45c758ee546a11d5bd7b7b473c8c30b9"
  integrity sha512-DJR/VvkAvSZW9bTouZue2sSxDwdTN92uHjqeKVm+0dAqdfNykRzQ95tay8aXMBAAPpUiq4Qcug2L7neoRh2Egw==

debug@^4.3.4:
  version "4.3.4"
  resolved "https://registry.yarnpkg.com/debug/-/debug-4.3.4.tgz#1319f6579357f2338d3337d2cdd4914bb5dcc865"
  integrity sha512-PRWFHuSU3eDtQJPvnNY7Jcket1j0t5OuOsFzPPzsekD52Zl8qUfFIPEiswXqIvHWGVHOgX+7G/vCNNhehwxfkQ==
  dependencies:
    ms "2.1.2"

delayed-stream@~1.0.0:
  version "1.0.0"
  resolved "https://registry.yarnpkg.com/delayed-stream/-/delayed-stream-1.0.0.tgz#df3ae199acadfb7d440aaae0b29e2272b24ec619"
  integrity sha512-ZySD7Nf91aLB0RxL4KGrKHBXl7Eds1DAmEdcoVawXnLD7SDhpNgtuII2aAkg7a7QS41jxPSZ17p4VdGnMHk3MQ==

detect-node@^2.0.4, detect-node@^2.1.0:
  version "2.1.0"
  resolved "https://registry.yarnpkg.com/detect-node/-/detect-node-2.1.0.tgz#c9c70775a49c3d03bc2c06d9a73be550f978f8b1"
  integrity sha512-T0NIuQpnTvFDATNuHN5roPwSBG83rFsuO+MXXH9/3N1eFbn4wcPjttvjMLEPWJ0RGUYgQE7cGgS3tNxbqCGM7g==

dezalgo@1.0.3:
  version "1.0.3"
  resolved "https://registry.yarnpkg.com/dezalgo/-/dezalgo-1.0.3.tgz#7f742de066fc748bc8db820569dddce49bf0d456"
  integrity sha512-K7i4zNfT2kgQz3GylDw40ot9GAE47sFZ9EXHFSPP6zONLgH6kWXE0KWJchkbQJLBkRazq4APwZ4OwiFFlT95OQ==
  dependencies:
    asap "^2.0.0"
    wrappy "1"

fast-safe-stringify@^2.1.1:
  version "2.1.1"
  resolved "https://registry.yarnpkg.com/fast-safe-stringify/-/fast-safe-stringify-2.1.1.tgz#c406a83b6e70d9e35ce3b30a81141df30aeba884"
  integrity sha512-W+KJc2dmILlPplD/H4K9l9LcAHAfPtP6BY84uVLXQ6Evcz9Lcg33Y2z1IVblT6xdY54PXYVHEv+0Wpq8Io6zkA==

form-data@^4.0.0:
  version "4.0.0"
  resolved "https://registry.yarnpkg.com/form-data/-/form-data-4.0.0.tgz#93919daeaf361ee529584b9b31664dc12c9fa452"
  integrity sha512-ETEklSGi5t0QMZuiXoA/Q6vcnxcLQP5vdugSpuAyi6SVGi2clPPp+xgEhuMaHC+zGgn31Kd235W35f7Hykkaww==
  dependencies:
    asynckit "^0.4.0"
    combined-stream "^1.0.8"
    mime-types "^2.1.12"

formidable@^2.0.1:
  version "2.0.1"
  resolved "https://registry.yarnpkg.com/formidable/-/formidable-2.0.1.tgz#4310bc7965d185536f9565184dee74fbb75557ff"
  integrity sha512-rjTMNbp2BpfQShhFbR3Ruk3qk2y9jKpvMW78nJgx8QKtxjDVrwbZG+wvDOmVbifHyOUOQJXxqEy6r0faRrPzTQ==
  dependencies:
    dezalgo "1.0.3"
    hexoid "1.0.0"
    once "1.4.0"
    qs "6.9.3"

fs.realpath@^1.0.0:
  version "1.0.0"
  resolved "https://registry.yarnpkg.com/fs.realpath/-/fs.realpath-1.0.0.tgz#1504ad2523158caa40db4a2787cb01411994ea4f"
  integrity sha512-OO0pH2lK6a0hZnAdau5ItzHPI6pUlvI7jMVnxUQRtw4owF2wk8lOSabtGDCTP4Ggrg2MbGnWO9X8K1t4+fGMDw==

function-bind@^1.1.1:
  version "1.1.1"
  resolved "https://registry.yarnpkg.com/function-bind/-/function-bind-1.1.1.tgz#a56899d3ea3c9bab874bb9773b7c5ede92f4895d"
  integrity sha512-yIovAzMX49sF8Yl58fSCWJ5svSLuaibPxXQJFLmBObTuCr0Mf1KiPopGM9NiFjiYBCbfaa2Fh6breQ6ANVTI0A==

get-intrinsic@^1.0.2:
  version "1.1.3"
  resolved "https://registry.yarnpkg.com/get-intrinsic/-/get-intrinsic-1.1.3.tgz#063c84329ad93e83893c7f4f243ef63ffa351385"
  integrity sha512-QJVz1Tj7MS099PevUG5jvnt9tSkXN8K14dxQlikJuPt4uD9hHAHjLyLBiLR5zELelBdD9QNRAXZzsJx0WaDL9A==
  dependencies:
    function-bind "^1.1.1"
    has "^1.0.3"
    has-symbols "^1.0.3"

glob@^7.1.3:
  version "7.2.3"
  resolved "https://registry.yarnpkg.com/glob/-/glob-7.2.3.tgz#b8df0fb802bbfa8e89bd1d938b4e16578ed44f2b"
  integrity sha512-nFR0zLpU2YCaRxwoCJvL6UvCH2JFyFVIvwTLsIf21AuHlMskA1hhTdk+LlYJtOlYt9v6dvszD2BGRqBL+iQK9Q==
  dependencies:
    fs.realpath "^1.0.0"
    inflight "^1.0.4"
    inherits "2"
    minimatch "^3.1.1"
    once "^1.3.0"
    path-is-absolute "^1.0.0"

has-symbols@^1.0.3:
  version "1.0.3"
  resolved "https://registry.yarnpkg.com/has-symbols/-/has-symbols-1.0.3.tgz#bb7b2c4349251dce87b125f7bdf874aa7c8b39f8"
  integrity sha512-l3LCuF6MgDNwTDKkdYGEihYjt5pRPbEg46rtlmnSPlUbgmB8LOIrKJbYYFBSbnPaJexMKtiPO8hmeRjRz2Td+A==

has@^1.0.3:
  version "1.0.3"
  resolved "https://registry.yarnpkg.com/has/-/has-1.0.3.tgz#722d7cbfc1f6aa8241f16dd814e011e1f41e8796"
  integrity sha512-f2dvO0VU6Oej7RkWJGrehjbzMAjFp5/VKPp5tTpWIV4JHHZK1/BxbFRtf/siA2SWTe09caDmVtYYzWEIbBS4zw==
  dependencies:
    function-bind "^1.1.1"

hexoid@1.0.0:
  version "1.0.0"
  resolved "https://registry.yarnpkg.com/hexoid/-/hexoid-1.0.0.tgz#ad10c6573fb907de23d9ec63a711267d9dc9bc18"
  integrity sha512-QFLV0taWQOZtvIRIAdBChesmogZrtuXvVWsFHZTk2SU+anspqZ2vMnoLg7IE1+Uk16N19APic1BuF8bC8c2m5g==

inflight@^1.0.4:
  version "1.0.6"
  resolved "https://registry.yarnpkg.com/inflight/-/inflight-1.0.6.tgz#49bd6331d7d02d0c09bc910a1075ba8165b56df9"
  integrity sha512-k92I/b08q4wvFscXCLvqfsHCrjrF7yiXsQuIVvVE7N82W3+aqpzuUdBbfhWcy/FZR3/4IgflMgKLOsvPDrGCJA==
  dependencies:
    once "^1.3.0"
    wrappy "1"

inherits@2, inherits@^2.0.3:
  version "2.0.4"
  resolved "https://registry.yarnpkg.com/inherits/-/inherits-2.0.4.tgz#0fa2c64f932917c3433a0ded55363aae37416b7c"
  integrity sha512-k/vGaX4/Yla3WzyMCvTQOXYeIHvqOKtnqBduzTHpzpQZzAskKMhZ2K+EnBiSM9zGSoIFeMpXKxa4dYeZIQqewQ==

js-sha3@0.8.0:
  version "0.8.0"
  resolved "https://registry.yarnpkg.com/js-sha3/-/js-sha3-0.8.0.tgz#b9b7a5da73afad7dedd0f8c463954cbde6818840"
  integrity sha512-gF1cRrHhIzNfToc802P800N8PpXS+evLLXfsVpowqmAFR9uwbi89WvXg2QspOmXL8QL86J4T1EpFu+yUkwJY3Q==

"js-tokens@^3.0.0 || ^4.0.0":
  version "4.0.0"
  resolved "https://registry.yarnpkg.com/js-tokens/-/js-tokens-4.0.0.tgz#19203fb59991df98e3a287050d4647cdeaf32499"
  integrity sha512-RdJUflcE3cUzKiMqQgsCu06FPu9UdIJO0beYbPhHN4k6apgJtifcoCtT9bcxOpYBtpD2kCM6Sbzg4CausW/PKQ==

loose-envify@^1.1.0:
  version "1.4.0"
  resolved "https://registry.yarnpkg.com/loose-envify/-/loose-envify-1.4.0.tgz#71ee51fa7be4caec1a63839f7e682d8132d30caf"
  integrity sha512-lyuxPGr/Wfhrlem2CL/UcnUc1zcqKAImBDzukY7Y5F/yQiNdko6+fRLevlw1HgMySw7f611UIY408EtxRSoK3Q==
  dependencies:
    js-tokens "^3.0.0 || ^4.0.0"

lru-cache@^6.0.0:
  version "6.0.0"
  resolved "https://registry.yarnpkg.com/lru-cache/-/lru-cache-6.0.0.tgz#6d6fe6570ebd96aaf90fcad1dafa3b2566db3a94"
  integrity sha512-Jo6dJ04CmSjuznwJSS3pUeWmd/H0ffTlkXXgwZi+eq1UCmqQwCh+eLsYOYCwY991i2Fah4h1BEMCx4qThGbsiA==
  dependencies:
    yallist "^4.0.0"

match-sorter@^6.0.2:
  version "6.3.1"
  resolved "https://registry.yarnpkg.com/match-sorter/-/match-sorter-6.3.1.tgz#98cc37fda756093424ddf3cbc62bfe9c75b92bda"
  integrity sha512-mxybbo3pPNuA+ZuCUhm5bwNkXrJTbsk5VWbR5wiwz/GC6LIiegBGn2w3O08UG/jdbYLinw51fSQ5xNU1U3MgBw==
  dependencies:
    "@babel/runtime" "^7.12.5"
    remove-accents "0.4.2"

methods@^1.1.2:
  version "1.1.2"
  resolved "https://registry.yarnpkg.com/methods/-/methods-1.1.2.tgz#5529a4d67654134edcc5266656835b0f851afcee"
  integrity sha512-iclAHeNqNm68zFtnZ0e+1L2yUIdvzNoauKU4WBA3VvH/vPFieF7qfRlwUZU+DA9P9bPXIS90ulxoUoCH23sV2w==

microseconds@0.2.0:
  version "0.2.0"
  resolved "https://registry.yarnpkg.com/microseconds/-/microseconds-0.2.0.tgz#233b25f50c62a65d861f978a4a4f8ec18797dc39"
  integrity sha512-n7DHHMjR1avBbSpsTBj6fmMGh2AGrifVV4e+WYc3Q9lO+xnSZ3NyhcBND3vzzatt05LFhoKFRxrIyklmLlUtyA==

mime-db@1.52.0:
  version "1.52.0"
  resolved "https://registry.yarnpkg.com/mime-db/-/mime-db-1.52.0.tgz#bbabcdc02859f4987301c856e3387ce5ec43bf70"
  integrity sha512-sPU4uV7dYlvtWJxwwxHD0PuihVNiE7TyAbQ5SWxDCB9mUYvOgroQOwYQQOKPJ8CIbE+1ETVlOoK1UC2nU3gYvg==

mime-types@^2.1.12:
  version "2.1.35"
  resolved "https://registry.yarnpkg.com/mime-types/-/mime-types-2.1.35.tgz#381a871b62a734450660ae3deee44813f70d959a"
  integrity sha512-ZDY+bPm5zTTF+YpCrAU9nK0UgICYPT0QtT1NZWFv4s++TNkcgVaT0g6+4R2uI4MjQjzysHB1zxuWL50hzaeXiw==
  dependencies:
    mime-db "1.52.0"

mime@2.6.0:
  version "2.6.0"
  resolved "https://registry.yarnpkg.com/mime/-/mime-2.6.0.tgz#a2a682a95cd4d0cb1d6257e28f83da7e35800367"
  integrity sha512-USPkMeET31rOMiarsBNIHZKLGgvKc/LrjofAnBlOttf5ajRvqiRA8QsenbcooctK6d6Ts6aqZXBA+XbkKthiQg==

minimatch@^3.1.1:
  version "3.1.2"
  resolved "https://registry.yarnpkg.com/minimatch/-/minimatch-3.1.2.tgz#19cd194bfd3e428f049a70817c038d89ab4be35b"
  integrity sha512-J7p63hRiAjw1NDEww1W7i37+ByIrOWO5XQQAzZ3VOcL0PNybwpfmV/N05zFAzwQ9USyEcX6t3UO+K5aqBQOIHw==
  dependencies:
    brace-expansion "^1.1.7"

ms@2.1.2:
  version "2.1.2"
  resolved "https://registry.yarnpkg.com/ms/-/ms-2.1.2.tgz#d09d1f357b443f493382a8eb3ccd183872ae6009"
  integrity sha512-sGkPx+VjMtmA6MX27oA4FBFELFCZZ4S4XqeGOXCv68tT+jb3vk/RyaKWP0PTKyWtmLSM0b+adUTEvbs1PEaH2w==

nano-time@1.0.0:
  version "1.0.0"
  resolved "https://registry.yarnpkg.com/nano-time/-/nano-time-1.0.0.tgz#b0554f69ad89e22d0907f7a12b0993a5d96137ef"
  integrity sha512-flnngywOoQ0lLQOTRNexn2gGSNuM9bKj9RZAWSzhQ+UJYaAFG9bac4DW9VHjUAzrOaIcajHybCTHe/bkvozQqA==
  dependencies:
    big-integer "^1.6.16"

object-inspect@^1.9.0:
  version "1.12.2"
  resolved "https://registry.yarnpkg.com/object-inspect/-/object-inspect-1.12.2.tgz#c0641f26394532f28ab8d796ab954e43c009a8ea"
  integrity sha512-z+cPxW0QGUp0mcqcsgQyLVRDoXFQbXOwBaqyF7VIgI4TWNQsDHrBpUQslRmIfAoYWdYzs6UlKJtB2XJpTaNSpQ==

oblivious-set@1.0.0:
  version "1.0.0"
  resolved "https://registry.yarnpkg.com/oblivious-set/-/oblivious-set-1.0.0.tgz#c8316f2c2fb6ff7b11b6158db3234c49f733c566"
  integrity sha512-z+pI07qxo4c2CulUHCDf9lcqDlMSo72N/4rLUpRXf6fu+q8vjt8y0xS+Tlf8NTJDdTXHbdeO1n3MlbctwEoXZw==

once@1.4.0, once@^1.3.0:
  version "1.4.0"
  resolved "https://registry.yarnpkg.com/once/-/once-1.4.0.tgz#583b1aa775961d4b113ac17d9c50baef9dd76bd1"
  integrity sha512-lNaJgI+2Q5URQBkccEKHTQOPaXdUxnZZElQTZY0MFUAuaEqe1E+Nyvgdz/aIyNi6Z9MzO5dv1H8n58/GELp3+w==
  dependencies:
    wrappy "1"

path-is-absolute@^1.0.0:
  version "1.0.1"
  resolved "https://registry.yarnpkg.com/path-is-absolute/-/path-is-absolute-1.0.1.tgz#174b9268735534ffbc7ace6bf53a5a9e1b5c5f5f"
  integrity sha512-AVbw3UJ2e9bq64vSaS9Am0fje1Pa8pbGqTTsmXfaIiMpnr5DlDhfJOuLj9Sf95ZPVDAUerDfEk88MPmPe7UCQg==

pluffa@latest:
  version "0.5.1"
  resolved "https://registry.yarnpkg.com/pluffa/-/pluffa-0.5.1.tgz#985f83ad4735e5f8748270ac444df11a152426c2"
  integrity sha512-I20XrfMIgh8UItThLErxScceFpkLiiRf7cc8RADHuSgJcJqtiOLT+MEVojiodM5LKwSKRbpz9RXCXOg4iMF9MA==
  dependencies:
    chalk "^5.0.1"
    commander "^9.3.0"

qs@6.9.3:
  version "6.9.3"
  resolved "https://registry.yarnpkg.com/qs/-/qs-6.9.3.tgz#bfadcd296c2d549f1dffa560619132c977f5008e"
  integrity sha512-EbZYNarm6138UKKq46tdx08Yo/q9ZhFoAXAI1meAFd2GtbRDhbZY2WQSICskT0c5q99aFzLG1D4nvTk9tqfXIw==

qs@^6.10.3:
  version "6.11.0"
  resolved "https://registry.yarnpkg.com/qs/-/qs-6.11.0.tgz#fd0d963446f7a65e1367e01abd85429453f0c37a"
  integrity sha512-MvjoMCJwEarSbUYk5O+nmoSzSutSsTwF85zcHPQ9OrlFoZOYIjaqBAJIqIXjptyD5vThxGq52Xu/MaJzRkIk4Q==
  dependencies:
    side-channel "^1.0.4"

react-dom@^18.0.0:
  version "18.2.0"
  resolved "https://registry.yarnpkg.com/react-dom/-/react-dom-18.2.0.tgz#22aaf38708db2674ed9ada224ca4aa708d821e3d"
  integrity sha512-6IMTriUmvsjHUjNtEDudZfuDQUoWXVxKHhlEGSk81n4YFS+r/Kl99wXiwlVXtPBtJenozv2P+hxDsw9eA7Xo6g==
  dependencies:
    loose-envify "^1.1.0"
    scheduler "^0.23.0"

react-query@^3.35.0:
  version "3.39.2"
  resolved "https://registry.yarnpkg.com/react-query/-/react-query-3.39.2.tgz#9224140f0296f01e9664b78ed6e4f69a0cc9216f"
  integrity sha512-F6hYDKyNgDQfQOuR1Rsp3VRzJnWHx6aRnnIZHMNGGgbL3SBgpZTDg8MQwmxOgpCAoqZJA+JSNCydF1xGJqKOCA==
  dependencies:
    "@babel/runtime" "^7.5.5"
    broadcast-channel "^3.4.1"
    match-sorter "^6.0.2"

react-router-dom@^6.2.1, react-router-dom@^6.3.0:
  version "6.4.1"
  resolved "https://registry.yarnpkg.com/react-router-dom/-/react-router-dom-6.4.1.tgz#99c9b7c4967890701c888517475aa5d54d25760e"
  integrity sha512-MY7NJCrGNVJtGp8ODMOBHu20UaIkmwD2V3YsAOUQoCXFk7Ppdwf55RdcGyrSj+ycSL9Uiwrb3gTLYSnzcRoXww==
  dependencies:
    "@remix-run/router" "1.0.1"
    react-router "6.4.1"

react-router@6.4.1, react-router@^6.3.0:
  version "6.4.1"
  resolved "https://registry.yarnpkg.com/react-router/-/react-router-6.4.1.tgz#dd9cc4dfa264751d143a4b6c9d4faa60ab3ce26c"
  integrity sha512-OJASKp5AykDWFewgWUim1vlLr7yfD4vO/h+bSgcP/ix8Md+LMHuAjovA74MQfsfhQJGGN1nHRhwS5qQQbbBt3A==
  dependencies:
    "@remix-run/router" "1.0.1"

react@^18.0.0:
  version "18.2.0"
  resolved "https://registry.yarnpkg.com/react/-/react-18.2.0.tgz#555bd98592883255fa00de14f1151a917b5d77d5"
  integrity sha512-/3IjMdb2L9QbBdWiW5e3P2/npwMBaU9mHCSCUzNln0ZCYbcfTsGbTJrU/kGemdH2IWmB2ioZ+zkxtmq6g09fGQ==
  dependencies:
    loose-envify "^1.1.0"

readable-stream@^3.6.0:
  version "3.6.0"
  resolved "https://registry.yarnpkg.com/readable-stream/-/readable-stream-3.6.0.tgz#337bbda3adc0706bd3e024426a286d4b4b2c9198"
  integrity sha512-BViHy7LKeTz4oNnkcLJ+lVSL6vpiFeX6/d3oSH8zCW7UxP2onchk+vTGB143xuFjHS3deTgkKoXXymXqymiIdA==
  dependencies:
    inherits "^2.0.3"
    string_decoder "^1.1.1"
    util-deprecate "^1.0.1"

regenerator-runtime@^0.13.4:
  version "0.13.9"
  resolved "https://registry.yarnpkg.com/regenerator-runtime/-/regenerator-runtime-0.13.9.tgz#8925742a98ffd90814988d7566ad30ca3b263b52"
  integrity sha512-p3VT+cOEgxFsRRA9X4lkI1E+k2/CtnKtU4gcxyaCUreilL/vqI6CdZ3wxVUx3UOUg+gnUOQQcRI7BmSI656MYA==

remove-accents@0.4.2:
  version "0.4.2"
  resolved "https://registry.yarnpkg.com/remove-accents/-/remove-accents-0.4.2.tgz#0a43d3aaae1e80db919e07ae254b285d9e1c7bb5"
  integrity sha512-7pXIJqJOq5tFgG1A2Zxti3Ht8jJF337m4sowbuHsW30ZnkQFnDzy9qBNhgzX8ZLW4+UBcXiiR7SwR6pokHsxiA==

rimraf@3.0.2:
  version "3.0.2"
  resolved "https://registry.yarnpkg.com/rimraf/-/rimraf-3.0.2.tgz#f1a5402ba6220ad52cc1282bac1ae3aa49fd061a"
  integrity sha512-JZkJMZkAGFFPP2YqXZXPbMlMBgsxzE8ILs4lMIX/2o0L9UBw9O/Y3o6wFw/i9YLapcUJWwqbi3kdxIPdC62TIA==
  dependencies:
    glob "^7.1.3"

safe-buffer@~5.2.0:
  version "5.2.1"
  resolved "https://registry.yarnpkg.com/safe-buffer/-/safe-buffer-5.2.1.tgz#1eaf9fa9bdb1fdd4ec75f58f9cdb4e6b7827eec6"
  integrity sha512-rp3So07KcdmmKbGvgaNxQSJr7bGVSVk5S9Eq1F+ppbRo70+YeaDxkw5Dd8NPN+GD6bjnYm2VuPuCXmpuYvmCXQ==

scheduler@^0.23.0:
  version "0.23.0"
  resolved "https://registry.yarnpkg.com/scheduler/-/scheduler-0.23.0.tgz#ba8041afc3d30eb206a487b6b384002e4e61fdfe"
  integrity sha512-CtuThmgHNg7zIZWAXi3AsyIzA3n4xx7aNyjwC2VJldO2LMVDhFK+63xGqq6CsJH4rTAt6/M+N4GhZiDYPx9eUw==
  dependencies:
    loose-envify "^1.1.0"

semver@^7.3.7:
  version "7.3.7"
  resolved "https://registry.yarnpkg.com/semver/-/semver-7.3.7.tgz#12c5b649afdbf9049707796e22a4028814ce523f"
  integrity sha512-QlYTucUYOews+WeEujDoEGziz4K6c47V/Bd+LjSSYcA94p+DmINdf7ncaUinThfvZyu13lN9OY1XDxt8C0Tw0g==
  dependencies:
    lru-cache "^6.0.0"

side-channel@^1.0.4:
  version "1.0.4"
  resolved "https://registry.yarnpkg.com/side-channel/-/side-channel-1.0.4.tgz#efce5c8fdc104ee751b25c58d4290011fa5ea2cf"
  integrity sha512-q5XPytqFEIKHkGdiMIrY10mvLRvnQh42/+GoBlFW3b2LXLE2xxJpZFdm94we0BaoV3RwJyGqg5wS7epxTv0Zvw==
  dependencies:
    call-bind "^1.0.0"
    get-intrinsic "^1.0.2"
    object-inspect "^1.9.0"

string_decoder@^1.1.1:
  version "1.3.0"
  resolved "https://registry.yarnpkg.com/string_decoder/-/string_decoder-1.3.0.tgz#42f114594a46cf1a8e30b0a84f56c78c3edac21e"
  integrity sha512-hkRX8U1WjJFd8LsDJ2yQ/wWWxaopEsABU1XfkM8A+j0+85JAGppt16cr1Whg6KIbb4okU6Mql6BOj+uup/wKeA==
  dependencies:
    safe-buffer "~5.2.0"

superagent@^7.1.1:
  version "7.1.6"
  resolved "https://registry.yarnpkg.com/superagent/-/superagent-7.1.6.tgz#64f303ed4e4aba1e9da319f134107a54cacdc9c6"
  integrity sha512-gZkVCQR1gy/oUXr+kxJMLDjla434KmSOKbx5iGD30Ql+AkJQ/YlPKECJy2nhqOsHLjGHzoDTXNSjhnvWhzKk7g==
  dependencies:
    component-emitter "^1.3.0"
    cookiejar "^2.1.3"
    debug "^4.3.4"
    fast-safe-stringify "^2.1.1"
    form-data "^4.0.0"
    formidable "^2.0.1"
    methods "^1.1.2"
    mime "2.6.0"
    qs "^6.10.3"
    readable-stream "^3.6.0"
    semver "^7.3.7"

unload@2.2.0:
  version "2.2.0"
  resolved "https://registry.yarnpkg.com/unload/-/unload-2.2.0.tgz#ccc88fdcad345faa06a92039ec0f80b488880ef7"
  integrity sha512-B60uB5TNBLtN6/LsgAf3udH9saB5p7gqJwcFfbOEZ8BcBHnGwCf6G/TGiEqkRAxX7zAFIUtzdrXQSdL3Q/wqNA==
  dependencies:
    "@babel/runtime" "^7.6.2"
    detect-node "^2.0.4"

util-deprecate@^1.0.1:
  version "1.0.2"
  resolved "https://registry.yarnpkg.com/util-deprecate/-/util-deprecate-1.0.2.tgz#450d4dc9fa70de732762fbd2d4a28981419a0ccf"
  integrity sha512-EPD5q1uXyFxJpCrLnCc1nHnq3gOa6DZBocAIiI2TaSCA7VCJ1UJDMagCzIkXNsUYfD1daK//LTEQ8xiIbrHtcw==

wrappy@1:
  version "1.0.2"
  resolved "https://registry.yarnpkg.com/wrappy/-/wrappy-1.0.2.tgz#b5243d8f3ec1aa35f1364605bc0d1036e30ab69f"
  integrity sha512-l4Sp/DRseor9wL6EvV2+TuQn63dMkPjZ/sp9XkghTEbV9KlPS1xUsZ3u7/IQO4wxtcFB4bgpQPRcR3QCvezPcQ==

yallist@^4.0.0:
  version "4.0.0"
  resolved "https://registry.yarnpkg.com/yallist/-/yallist-4.0.0.tgz#9bb92790d9c0effec63be73519e11a35019a3a72"
  integrity sha512-3wdGidZyq5PB084XLES5TpOSRA3wjXAlIWMhum2kRcv/41Sn2emQ0dycQW4uZXLejwKvg6EsvbdlVL+FYEct7A==
